dependencies:
- name: actions-runner-controller
  repository: https://actions-runner-controller.github.io/actions-runner-controller
  version: 0.23.7
- name: gha-runner-scale-set-controller
  repository: oci://ghcr.io/actions/actions-runner-controller-charts
  version: 0.7.0
digest: sha256:b213267db57c4783ebed043fbba77b3d75e9fa91831bb3091f64be49b0081b23
generated: "2023-12-15T14:22:24.191615-06:00"
