
Microsoft Visual Studio Solution File, Format Version 12.00
# Visual Studio Version 17
VisualStudioVersion = 17.0.31903.59
MinimumVisualStudioVersion = 10.0.40219.1
Project("{F2A71F9B-5D33-465A-A702-920D77279786}") = "UnMango.TheCluster.FSharp", "UnMango.TheCluster.FSharp\UnMango.TheCluster.FSharp.fsproj", "{B727ABDC-0718-4A85-A09D-364C2956DE67}"
EndProject
Project("{FAE04EC0-301F-11D3-BF4B-00C04F79EFBC}") = "UnMango.TheCluster.CSharp", "UnMango.TheCluster.CSharp\UnMango.TheCluster.CSharp.csproj", "{2038C74D-C838-4124-8601-625F2A06AF6A}"
EndProject
Global
	GlobalSection(SolutionConfigurationPlatforms) = preSolution
		Debug|Any CPU = Debug|Any CPU
		Release|Any CPU = Release|Any CPU
	EndGlobalSection
	GlobalSection(SolutionProperties) = preSolution
		HideSolutionNode = FALSE
	EndGlobalSection
	GlobalSection(ProjectConfigurationPlatforms) = postSolution
		{B727ABDC-0718-4A85-A09D-364C2956DE67}.Debug|Any CPU.ActiveCfg = Debug|Any CPU
		{B727ABDC-0718-4A85-A09D-364C2956DE67}.Debug|Any CPU.Build.0 = Debug|Any CPU
		{B727ABDC-0718-4A85-A09D-364C2956DE67}.Release|Any CPU.ActiveCfg = Release|Any CPU
		{B727ABDC-0718-4A85-A09D-364C2956DE67}.Release|Any CPU.Build.0 = Release|Any CPU
		{2038C74D-C838-4124-8601-625F2A06AF6A}.Debug|Any CPU.ActiveCfg = Debug|Any CPU
		{2038C74D-C838-4124-8601-625F2A06AF6A}.Debug|Any CPU.Build.0 = Debug|Any CPU
		{2038C74D-C838-4124-8601-625F2A06AF6A}.Release|Any CPU.ActiveCfg = Release|Any CPU
		{2038C74D-C838-4124-8601-625F2A06AF6A}.Release|Any CPU.Build.0 = Release|Any CPU
	EndGlobalSection
EndGlobal
