dependencies:
- name: drone
  repository: https://charts.drone.io
  version: 0.6.5
- name: oauth2-proxy
  repository: https://oauth2-proxy.github.io/manifests
  version: 7.7.19
- name: drone-runner-docker
  repository: https://charts.drone.io
  version: 0.7.0
digest: sha256:75b28b6222bde1b2294d24a811a07205c7ffd1fb107905729e97fd9241091866
generated: "2024-09-13T19:32:37.567252458Z"
