dependencies:
- name: cert-manager
  repository: https://charts.jetstack.io
  version: v1.13.2
- name: trust-manager
  repository: https://charts.jetstack.io
  version: v0.7.0
digest: sha256:30f92e385f3e662e4a8ff9c7a1cfc8da543060dfe5818fd82e47a13ea5765b8f
generated: "2023-12-06T18:16:57.196354727-06:00"
