dependencies:
- name: cert-manager
  repository: https://charts.jetstack.io
  version: v1.13.2
- name: cert-manager-csi-driver
  repository: https://charts.jetstack.io
  version: v0.6.0
digest: sha256:69f2edd3606bb219da70ec1877967cbba217857a23b1144d51da789d736fc7d6
generated: "2023-12-12T09:38:43.689908-06:00"
