dependencies:
- name: ceph-csi-cephfs
  repository: https://ceph.github.io/csi-charts
  version: 3.10.2
- name: ceph-csi-rbd
  repository: https://ceph.github.io/csi-charts
  version: 3.10.2
digest: sha256:b31e4350d505183543299b877d7f58dae5b5ae7198ac06c6525c78389ad5fe52
generated: "2024-02-08T13:55:34.609759629Z"
