dependencies:
- name: ceph-csi-cephfs
  repository: https://ceph.github.io/csi-charts
  version: 3.10.0
- name: ceph-csi-rbd
  repository: https://ceph.github.io/csi-charts
  version: 3.10.0
digest: sha256:fde6dfd6b1d39c8baf85d3f189c606721844791a4211794ed6d0c1bea6cd2155
generated: "2023-12-10T23:03:14.111874581Z"
