dependencies:
- name: ceph-csi-cephfs
  repository: https://ceph.github.io/csi-charts
  version: 3.10.1
- name: ceph-csi-rbd
  repository: https://ceph.github.io/csi-charts
  version: 3.10.1
digest: sha256:aae502cb8e14199fc431c1e156684cbc90262e98888d99d08b8afa2931ab0a51
generated: "2023-12-19T21:44:21.243448501Z"
