dependencies:
- name: external-dns
  repository: https://kubernetes-sigs.github.io/external-dns/
  version: 1.14.5
- name: external-dns
  repository: https://kubernetes-sigs.github.io/external-dns/
  version: 1.14.5
digest: sha256:206fe81fdc38e8436f4960892fb1ffbed232675257776fb170512518ead1f119
generated: "2024-07-01T00:39:27.705883097Z"
