dependencies:
- name: external-dns
  repository: https://kubernetes-sigs.github.io/external-dns/
  version: 1.14.3
- name: external-dns
  repository: https://kubernetes-sigs.github.io/external-dns/
  version: 1.14.3
digest: sha256:8f0ec361cd8b7ebe0a57597742960f786efb1f79e15d03828c773dcf8b39eaf0
generated: "2024-01-26T22:08:40.771379104Z"
