dependencies:
- name: pgadmin4
  repository: https://helm.runix.net
  version: 1.29.0
- name: oauth2-proxy
  repository: https://oauth2-proxy.github.io/manifests
  version: 7.7.18
digest: sha256:bd9f1754b5184fcc979cbf586b8f23d7efba8febab5aaa1dadaaddf60feff2ec
generated: "2024-09-13T12:30:27.249298134Z"
