dependencies:
- name: operator
  repository: https://operator.min.io
  version: 5.0.12
- name: oauth2-proxy
  repository: https://oauth2-proxy.github.io/manifests
  version: 6.24.1
digest: sha256:56a4e3a3e9dd4aef65606d88d8a8aecb3c6368ff14d8a65f4d057ec0acd48223
generated: "2024-02-13T17:01:44.255959914Z"
