dependencies:
- name: operator
  repository: https://operator.min.io
  version: 5.0.12
- name: oauth2-proxy
  repository: https://oauth2-proxy.github.io/manifests
  version: 6.24.2
digest: sha256:6dbf7ebde6319f68d21c46761de5f7f8e80ad76a46d8d4093f43606246441ee6
generated: "2024-02-28T16:51:02.700832639Z"
