{
    "name": "management",
    "lockfileVersion": 2,
    "requires": true,
    "packages": {
        "": {
            "devDependencies": {
                "typescript": "^4.3.3"
            }
        },
        "node_modules/typescript": {
            "version": "4.3.3",
            "resolved": "https://registry.npmjs.org/typescript/-/typescript-4.3.3.tgz",
            "integrity": "sha512-rUvLW0WtF7PF2b9yenwWUi9Da9euvDRhmH7BLyBG4DCFfOJ850LGNknmRpp8Z8kXNUPObdZQEfKOiHtXuQHHKA==",
            "dev": true,
            "bin": {
                "tsc": "bin/tsc",
                "tsserver": "bin/tsserver"
            },
            "engines": {
                "node": ">=4.2.0"
            }
        }
    },
    "dependencies": {
        "typescript": {
            "version": "4.3.3",
            "resolved": "https://registry.npmjs.org/typescript/-/typescript-4.3.3.tgz",
            "integrity": "sha512-rUvLW0WtF7PF2b9yenwWUi9Da9euvDRhmH7BLyBG4DCFfOJ850LGNknmRpp8Z8kXNUPObdZQEfKOiHtXuQHHKA==",
            "dev": true
        }
    }
}
