dependencies:
- name: kubernetes-dashboard
  repository: https://kubernetes.github.io/dashboard/
  version: 7.0.0-alpha1
- name: oauth2-proxy
  repository: https://oauth2-proxy.github.io/manifests
  version: 6.23.1
- name: oauth2-proxy
  repository: https://oauth2-proxy.github.io/manifests
  version: 6.23.1
digest: sha256:1e9c472ab71e0b6c41b85d6a3fc764bcc34896ad9caddd22a70177bfb4ec39a4
generated: "2023-12-12T13:37:52.969090205Z"
